
Microsoft Visual Studio Solution File, Format Version 12.00
# Visual Studio Version 16
VisualStudioVersion = 16.0.29709.97
MinimumVisualStudioVersion = 10.0.40219.1
Project("{FAE04EC0-301F-11D3-BF4B-00C04F79EFBC}") = "UserStockStorageAPI", "UserStockStorageAPI\UserStockStorageAPI.csproj", "{1A1724E7-6CA0-43FA-A5C2-B1C0F49A6CE6}"
EndProject
Global
	GlobalSection(SolutionConfigurationPlatforms) = preSolution
		Debug|Any CPU = Debug|Any CPU
		Release|Any CPU = Release|Any CPU
	EndGlobalSection
	GlobalSection(ProjectConfigurationPlatforms) = postSolution
		{1A1724E7-6CA0-43FA-A5C2-B1C0F49A6CE6}.Debug|Any CPU.ActiveCfg = Debug|Any CPU
		{1A1724E7-6CA0-43FA-A5C2-B1C0F49A6CE6}.Debug|Any CPU.Build.0 = Debug|Any CPU
		{1A1724E7-6CA0-43FA-A5C2-B1C0F49A6CE6}.Release|Any CPU.ActiveCfg = Release|Any CPU
		{1A1724E7-6CA0-43FA-A5C2-B1C0F49A6CE6}.Release|Any CPU.Build.0 = Release|Any CPU
	EndGlobalSection
	GlobalSection(SolutionProperties) = preSolution
		HideSolutionNode = FALSE
	EndGlobalSection
	GlobalSection(ExtensibilityGlobals) = postSolution
		SolutionGuid = {EA20DE51-374A-4B6C-BFAE-25D818BF6A98}
	EndGlobalSection
EndGlobal
